
Microsoft Visual Studio Solution File, Format Version 12.00
# Visual Studio Version 16
VisualStudioVersion = 16.0.31005.135
MinimumVisualStudioVersion = 10.0.40219.1
Project("{FAE04EC0-301F-11D3-BF4B-00C04F79EFBC}") = "SyntaxSugarExercise", "SyntaxSugarExercise\SyntaxSugarExercise.csproj", "{AF231C4C-516A-44DE-9FC8-BB966C2B2094}"
EndProject
Global
	GlobalSection(SolutionConfigurationPlatforms) = preSolution
		Debug|Any CPU = Debug|Any CPU
		Release|Any CPU = Release|Any CPU
	EndGlobalSection
	GlobalSection(ProjectConfigurationPlatforms) = postSolution
		{AF231C4C-516A-44DE-9FC8-BB966C2B2094}.Debug|Any CPU.ActiveCfg = Debug|Any CPU
		{AF231C4C-516A-44DE-9FC8-BB966C2B2094}.Debug|Any CPU.Build.0 = Debug|Any CPU
		{AF231C4C-516A-44DE-9FC8-BB966C2B2094}.Release|Any CPU.ActiveCfg = Release|Any CPU
		{AF231C4C-516A-44DE-9FC8-BB966C2B2094}.Release|Any CPU.Build.0 = Release|Any CPU
	EndGlobalSection
	GlobalSection(SolutionProperties) = preSolution
		HideSolutionNode = FALSE
	EndGlobalSection
	GlobalSection(ExtensibilityGlobals) = postSolution
		SolutionGuid = {2C268AC8-F40B-48C9-BE8B-7537732EFEC1}
	EndGlobalSection
EndGlobal
